// !$*UTF8*$!
{
	archiveVersion = 1;
	classes = {
	};
	objectVersion = 46;
	objects = {

/* Begin PBXBuildFile section */
		607FACEC1AFB9204008FA782 /* Tests.swift in Sources */ = {isa = PBXBuildFile; fileRef = 607FACEB1AFB9204008FA782 /* Tests.swift */; };
		68430F1A5C8CFB34A7FC6C5E /* Pods_Listable_Example.framework in Frameworks */ = {isa = PBXBuildFile; fileRef = A420C4D886247B104D84A890 /* Pods_Listable_Example.framework */; };
		8BCD8241ECAAF0C671064FBA /* Pods_Listable_Tests.framework in Frameworks */ = {isa = PBXBuildFile; fileRef = 7A2B50F00376C63CE6000C1D /* Pods_Listable_Tests.framework */; };
		917AFF7F2068470200DBE032 /* AppDelegate.swift in Sources */ = {isa = PBXBuildFile; fileRef = 917AFF772068470200DBE032 /* AppDelegate.swift */; };
		917AFF802068470200DBE032 /* LaunchScreen.xib in Resources */ = {isa = PBXBuildFile; fileRef = 917AFF782068470200DBE032 /* LaunchScreen.xib */; };
		917AFF812068470200DBE032 /* Main.storyboard in Resources */ = {isa = PBXBuildFile; fileRef = 917AFF7A2068470200DBE032 /* Main.storyboard */; };
		917AFF822068470200DBE032 /* Images.xcassets in Resources */ = {isa = PBXBuildFile; fileRef = 917AFF7C2068470200DBE032 /* Images.xcassets */; };
		917AFF842068470200DBE032 /* ViewController.swift in Sources */ = {isa = PBXBuildFile; fileRef = 917AFF7E2068470200DBE032 /* ViewController.swift */; };
		917AFF9E20684AAE00DBE032 /* ObservableArray.swift in Sources */ = {isa = PBXBuildFile; fileRef = 917AFF8720684AAE00DBE032 /* ObservableArray.swift */; };
		917AFF9F20684AAE00DBE032 /* Row.swift in Sources */ = {isa = PBXBuildFile; fileRef = 917AFF8820684AAE00DBE032 /* Row.swift */; };
		917AFFA020684AAE00DBE032 /* RowProtocol.swift in Sources */ = {isa = PBXBuildFile; fileRef = 917AFF8920684AAE00DBE032 /* RowProtocol.swift */; };
		917AFFA120684AAE00DBE032 /* Section.swift in Sources */ = {isa = PBXBuildFile; fileRef = 917AFF8A20684AAE00DBE032 /* Section.swift */; };
		917AFFA220684AAE00DBE032 /* SectionView.swift in Sources */ = {isa = PBXBuildFile; fileRef = 917AFF8B20684AAE00DBE032 /* SectionView.swift */; };
		917AFFA320684AAE00DBE032 /* ListView+UICollectionView.swift in Sources */ = {isa = PBXBuildFile; fileRef = 917AFF8D20684AAE00DBE032 /* ListView+UICollectionView.swift */; };
		917AFFA420684AAE00DBE032 /* ListView+UITableView.swift in Sources */ = {isa = PBXBuildFile; fileRef = 917AFF8E20684AAE00DBE032 /* ListView+UITableView.swift */; };
		917AFFA520684AAE00DBE032 /* ListView.swift in Sources */ = {isa = PBXBuildFile; fileRef = 917AFF8F20684AAE00DBE032 /* ListView.swift */; };
		917AFFA620684AAE00DBE032 /* BaseListController.swift in Sources */ = {isa = PBXBuildFile; fileRef = 917AFF9220684AAE00DBE032 /* BaseListController.swift */; };
		917AFFA720684AAE00DBE032 /* Controller+ScrollDelegate.swift in Sources */ = {isa = PBXBuildFile; fileRef = 917AFF9320684AAE00DBE032 /* Controller+ScrollDelegate.swift */; };
		917AFFA820684AAE00DBE032 /* Controller+Add.swift in Sources */ = {isa = PBXBuildFile; fileRef = 917AFF9520684AAE00DBE032 /* Controller+Add.swift */; };
		917AFFA920684AAE00DBE032 /* Controller+Deletion.swift in Sources */ = {isa = PBXBuildFile; fileRef = 917AFF9620684AAE00DBE032 /* Controller+Deletion.swift */; };
		917AFFAA20684AAE00DBE032 /* Controller+Insertion.swift in Sources */ = {isa = PBXBuildFile; fileRef = 917AFF9720684AAE00DBE032 /* Controller+Insertion.swift */; };
		917AFFAB20684AAE00DBE032 /* Controller+Registrable.swift in Sources */ = {isa = PBXBuildFile; fileRef = 917AFF9820684AAE00DBE032 /* Controller+Registrable.swift */; };
		917AFFAC20684AAE00DBE032 /* Controller+Reloading.swift in Sources */ = {isa = PBXBuildFile; fileRef = 917AFF9920684AAE00DBE032 /* Controller+Reloading.swift */; };
		917AFFAD20684AAE00DBE032 /* Controller+Retrieving.swift in Sources */ = {isa = PBXBuildFile; fileRef = 917AFF9A20684AAE00DBE032 /* Controller+Retrieving.swift */; };
		917AFFAE20684AAE00DBE032 /* CollectionController.swift in Sources */ = {isa = PBXBuildFile; fileRef = 917AFF9C20684AAE00DBE032 /* CollectionController.swift */; };
		917AFFAF20684AAE00DBE032 /* TableController.swift in Sources */ = {isa = PBXBuildFile; fileRef = 917AFF9D20684AAE00DBE032 /* TableController.swift */; };
/* End PBXBuildFile section */

/* Begin PBXContainerItemProxy section */
		607FACE61AFB9204008FA782 /* PBXContainerItemProxy */ = {
			isa = PBXContainerItemProxy;
			containerPortal = 607FACC81AFB9204008FA782 /* Project object */;
			proxyType = 1;
			remoteGlobalIDString = 607FACCF1AFB9204008FA782;
			remoteInfo = Listable;
		};
/* End PBXContainerItemProxy section */

/* Begin PBXFileReference section */
		1DC80F33AA6E45E8C430837D /* Pods-Listable_Example.release.xcconfig */ = {isa = PBXFileReference; includeInIndex = 1; lastKnownFileType = text.xcconfig; name = "Pods-Listable_Example.release.xcconfig"; path = "Pods/Target Support Files/Pods-Listable_Example/Pods-Listable_Example.release.xcconfig"; sourceTree = "<group>"; };
		24479C20E9AA3723C563C7E0 /* Listable.podspec */ = {isa = PBXFileReference; includeInIndex = 1; lastKnownFileType = text; name = Listable.podspec; path = ../Listable.podspec; sourceTree = "<group>"; xcLanguageSpecificationIdentifier = xcode.lang.ruby; };
		34150EFD6BB9EFDA0B845544 /* README.md */ = {isa = PBXFileReference; includeInIndex = 1; lastKnownFileType = net.daringfireball.markdown; name = README.md; path = ../README.md; sourceTree = "<group>"; };
		5953874414E5C7D0746C05B5 /* Pods-Listable_Tests.release.xcconfig */ = {isa = PBXFileReference; includeInIndex = 1; lastKnownFileType = text.xcconfig; name = "Pods-Listable_Tests.release.xcconfig"; path = "Pods/Target Support Files/Pods-Listable_Tests/Pods-Listable_Tests.release.xcconfig"; sourceTree = "<group>"; };
		607FACD01AFB9204008FA782 /* Listable_Example.app */ = {isa = PBXFileReference; explicitFileType = wrapper.application; includeInIndex = 0; path = Listable_Example.app; sourceTree = BUILT_PRODUCTS_DIR; };
		607FACE51AFB9204008FA782 /* Listable_Tests.xctest */ = {isa = PBXFileReference; explicitFileType = wrapper.cfbundle; includeInIndex = 0; path = Listable_Tests.xctest; sourceTree = BUILT_PRODUCTS_DIR; };
		607FACEA1AFB9204008FA782 /* Info.plist */ = {isa = PBXFileReference; lastKnownFileType = text.plist.xml; path = Info.plist; sourceTree = "<group>"; };
		607FACEB1AFB9204008FA782 /* Tests.swift */ = {isa = PBXFileReference; lastKnownFileType = sourcecode.swift; path = Tests.swift; sourceTree = "<group>"; };
		7A2B50F00376C63CE6000C1D /* Pods_Listable_Tests.framework */ = {isa = PBXFileReference; explicitFileType = wrapper.framework; includeInIndex = 0; path = Pods_Listable_Tests.framework; sourceTree = BUILT_PRODUCTS_DIR; };
		7B9F5C1FA8BD467CFF3119A8 /* Pods-Listable_Example.debug.xcconfig */ = {isa = PBXFileReference; includeInIndex = 1; lastKnownFileType = text.xcconfig; name = "Pods-Listable_Example.debug.xcconfig"; path = "Pods/Target Support Files/Pods-Listable_Example/Pods-Listable_Example.debug.xcconfig"; sourceTree = "<group>"; };
		917AFF772068470200DBE032 /* AppDelegate.swift */ = {isa = PBXFileReference; fileEncoding = 4; lastKnownFileType = sourcecode.swift; path = AppDelegate.swift; sourceTree = "<group>"; };
		917AFF792068470200DBE032 /* Base */ = {isa = PBXFileReference; lastKnownFileType = file.xib; name = Base; path = Base.lproj/LaunchScreen.xib; sourceTree = "<group>"; };
		917AFF7B2068470200DBE032 /* Base */ = {isa = PBXFileReference; lastKnownFileType = file.storyboard; name = Base; path = Base.lproj/Main.storyboard; sourceTree = "<group>"; };
		917AFF7C2068470200DBE032 /* Images.xcassets */ = {isa = PBXFileReference; lastKnownFileType = folder.assetcatalog; path = Images.xcassets; sourceTree = "<group>"; };
		917AFF7D2068470200DBE032 /* Info.plist */ = {isa = PBXFileReference; fileEncoding = 4; lastKnownFileType = text.plist.xml; path = Info.plist; sourceTree = "<group>"; };
		917AFF7E2068470200DBE032 /* ViewController.swift */ = {isa = PBXFileReference; fileEncoding = 4; lastKnownFileType = sourcecode.swift; path = ViewController.swift; sourceTree = "<group>"; };
		917AFF8720684AAE00DBE032 /* ObservableArray.swift */ = {isa = PBXFileReference; fileEncoding = 4; lastKnownFileType = sourcecode.swift; path = ObservableArray.swift; sourceTree = "<group>"; };
		917AFF8820684AAE00DBE032 /* Row.swift */ = {isa = PBXFileReference; fileEncoding = 4; lastKnownFileType = sourcecode.swift; path = Row.swift; sourceTree = "<group>"; };
		917AFF8920684AAE00DBE032 /* RowProtocol.swift */ = {isa = PBXFileReference; fileEncoding = 4; lastKnownFileType = sourcecode.swift; path = RowProtocol.swift; sourceTree = "<group>"; };
		917AFF8A20684AAE00DBE032 /* Section.swift */ = {isa = PBXFileReference; fileEncoding = 4; lastKnownFileType = sourcecode.swift; path = Section.swift; sourceTree = "<group>"; };
		917AFF8B20684AAE00DBE032 /* SectionView.swift */ = {isa = PBXFileReference; fileEncoding = 4; lastKnownFileType = sourcecode.swift; path = SectionView.swift; sourceTree = "<group>"; };
		917AFF8D20684AAE00DBE032 /* ListView+UICollectionView.swift */ = {isa = PBXFileReference; fileEncoding = 4; lastKnownFileType = sourcecode.swift; path = "ListView+UICollectionView.swift"; sourceTree = "<group>"; };
		917AFF8E20684AAE00DBE032 /* ListView+UITableView.swift */ = {isa = PBXFileReference; fileEncoding = 4; lastKnownFileType = sourcecode.swift; path = "ListView+UITableView.swift"; sourceTree = "<group>"; };
		917AFF8F20684AAE00DBE032 /* ListView.swift */ = {isa = PBXFileReference; fileEncoding = 4; lastKnownFileType = sourcecode.swift; path = ListView.swift; sourceTree = "<group>"; };
		917AFF9220684AAE00DBE032 /* BaseListController.swift */ = {isa = PBXFileReference; fileEncoding = 4; lastKnownFileType = sourcecode.swift; path = BaseListController.swift; sourceTree = "<group>"; };
		917AFF9320684AAE00DBE032 /* Controller+ScrollDelegate.swift */ = {isa = PBXFileReference; fileEncoding = 4; lastKnownFileType = sourcecode.swift; path = "Controller+ScrollDelegate.swift"; sourceTree = "<group>"; };
		917AFF9520684AAE00DBE032 /* Controller+Add.swift */ = {isa = PBXFileReference; fileEncoding = 4; lastKnownFileType = sourcecode.swift; path = "Controller+Add.swift"; sourceTree = "<group>"; };
		917AFF9620684AAE00DBE032 /* Controller+Deletion.swift */ = {isa = PBXFileReference; fileEncoding = 4; lastKnownFileType = sourcecode.swift; path = "Controller+Deletion.swift"; sourceTree = "<group>"; };
		917AFF9720684AAE00DBE032 /* Controller+Insertion.swift */ = {isa = PBXFileReference; fileEncoding = 4; lastKnownFileType = sourcecode.swift; path = "Controller+Insertion.swift"; sourceTree = "<group>"; };
		917AFF9820684AAE00DBE032 /* Controller+Registrable.swift */ = {isa = PBXFileReference; fileEncoding = 4; lastKnownFileType = sourcecode.swift; path = "Controller+Registrable.swift"; sourceTree = "<group>"; };
		917AFF9920684AAE00DBE032 /* Controller+Reloading.swift */ = {isa = PBXFileReference; fileEncoding = 4; lastKnownFileType = sourcecode.swift; path = "Controller+Reloading.swift"; sourceTree = "<group>"; };
		917AFF9A20684AAE00DBE032 /* Controller+Retrieving.swift */ = {isa = PBXFileReference; fileEncoding = 4; lastKnownFileType = sourcecode.swift; path = "Controller+Retrieving.swift"; sourceTree = "<group>"; };
		917AFF9C20684AAE00DBE032 /* CollectionController.swift */ = {isa = PBXFileReference; fileEncoding = 4; lastKnownFileType = sourcecode.swift; path = CollectionController.swift; sourceTree = "<group>"; };
		917AFF9D20684AAE00DBE032 /* TableController.swift */ = {isa = PBXFileReference; fileEncoding = 4; lastKnownFileType = sourcecode.swift; path = TableController.swift; sourceTree = "<group>"; };
		A420C4D886247B104D84A890 /* Pods_Listable_Example.framework */ = {isa = PBXFileReference; explicitFileType = wrapper.framework; includeInIndex = 0; path = Pods_Listable_Example.framework; sourceTree = BUILT_PRODUCTS_DIR; };
		B0F5ADB5C2E5845501175090 /* Pods-Listable_Tests.debug.xcconfig */ = {isa = PBXFileReference; includeInIndex = 1; lastKnownFileType = text.xcconfig; name = "Pods-Listable_Tests.debug.xcconfig"; path = "Pods/Target Support Files/Pods-Listable_Tests/Pods-Listable_Tests.debug.xcconfig"; sourceTree = "<group>"; };
		B599D0D274816BD29346E857 /* LICENSE */ = {isa = PBXFileReference; includeInIndex = 1; lastKnownFileType = text; name = LICENSE; path = ../LICENSE; sourceTree = "<group>"; };
/* End PBXFileReference section */

/* Begin PBXFrameworksBuildPhase section */
		607FACCD1AFB9204008FA782 /* Frameworks */ = {
			isa = PBXFrameworksBuildPhase;
			buildActionMask = 2147483647;
			files = (
				68430F1A5C8CFB34A7FC6C5E /* Pods_Listable_Example.framework in Frameworks */,
			);
			runOnlyForDeploymentPostprocessing = 0;
		};
		607FACE21AFB9204008FA782 /* Frameworks */ = {
			isa = PBXFrameworksBuildPhase;
			buildActionMask = 2147483647;
			files = (
				8BCD8241ECAAF0C671064FBA /* Pods_Listable_Tests.framework in Frameworks */,
			);
			runOnlyForDeploymentPostprocessing = 0;
		};
/* End PBXFrameworksBuildPhase section */

/* Begin PBXGroup section */
		607FACC71AFB9204008FA782 = {
			isa = PBXGroup;
			children = (
				607FACF51AFB993E008FA782 /* Podspec Metadata */,
				917AFF852068490700DBE032 /* Sources */,
				917AFF762068470200DBE032 /* ExampleApp */,
				607FACE81AFB9204008FA782 /* Tests */,
				607FACD11AFB9204008FA782 /* Products */,
				B531B80AE95251B733E9660E /* Pods */,
				E5F3714FCB330A30701B7D37 /* Frameworks */,
			);
			sourceTree = "<group>";
		};
		607FACD11AFB9204008FA782 /* Products */ = {
			isa = PBXGroup;
			children = (
				607FACD01AFB9204008FA782 /* Listable_Example.app */,
				607FACE51AFB9204008FA782 /* Listable_Tests.xctest */,
			);
			name = Products;
			sourceTree = "<group>";
		};
		607FACE81AFB9204008FA782 /* Tests */ = {
			isa = PBXGroup;
			children = (
				607FACEB1AFB9204008FA782 /* Tests.swift */,
				607FACE91AFB9204008FA782 /* Supporting Files */,
			);
			path = Tests;
			sourceTree = "<group>";
		};
		607FACE91AFB9204008FA782 /* Supporting Files */ = {
			isa = PBXGroup;
			children = (
				607FACEA1AFB9204008FA782 /* Info.plist */,
			);
			name = "Supporting Files";
			sourceTree = "<group>";
		};
		607FACF51AFB993E008FA782 /* Podspec Metadata */ = {
			isa = PBXGroup;
			children = (
				24479C20E9AA3723C563C7E0 /* Listable.podspec */,
				34150EFD6BB9EFDA0B845544 /* README.md */,
				B599D0D274816BD29346E857 /* LICENSE */,
			);
			name = "Podspec Metadata";
			sourceTree = "<group>";
		};
		917AFF762068470200DBE032 /* ExampleApp */ = {
			isa = PBXGroup;
			children = (
				917AFF772068470200DBE032 /* AppDelegate.swift */,
				917AFF7E2068470200DBE032 /* ViewController.swift */,
				917AFF782068470200DBE032 /* LaunchScreen.xib */,
				917AFF7A2068470200DBE032 /* Main.storyboard */,
				917AFF7C2068470200DBE032 /* Images.xcassets */,
				917AFF7D2068470200DBE032 /* Info.plist */,
			);
			path = ExampleApp;
			sourceTree = "<group>";
		};
		917AFF852068490700DBE032 /* Sources */ = {
			isa = PBXGroup;
			children = (
				917AFF8620684AAE00DBE032 /* Common */,
				917AFF9020684AAE00DBE032 /* Controllers */,
				917AFF8C20684AAE00DBE032 /* ListView */,
			);
			path = Sources;
			sourceTree = "<group>";
		};
		917AFF8620684AAE00DBE032 /* Common */ = {
			isa = PBXGroup;
			children = (
				917AFF8720684AAE00DBE032 /* ObservableArray.swift */,
				917AFF8820684AAE00DBE032 /* Row.swift */,
				917AFF8920684AAE00DBE032 /* RowProtocol.swift */,
				917AFF8A20684AAE00DBE032 /* Section.swift */,
				917AFF8B20684AAE00DBE032 /* SectionView.swift */,
			);
			name = Common;
			path = ../../Sources/Classes/Common;
			sourceTree = "<group>";
		};
		917AFF8C20684AAE00DBE032 /* ListView */ = {
			isa = PBXGroup;
			children = (
				917AFF8D20684AAE00DBE032 /* ListView+UICollectionView.swift */,
				917AFF8E20684AAE00DBE032 /* ListView+UITableView.swift */,
				917AFF8F20684AAE00DBE032 /* ListView.swift */,
			);
			name = ListView;
			path = ../../Sources/Classes/ListView;
			sourceTree = "<group>";
		};
		917AFF9020684AAE00DBE032 /* Controllers */ = {
			isa = PBXGroup;
			children = (
				917AFF9120684AAE00DBE032 /* Base */,
				917AFF9B20684AAE00DBE032 /* Lists */,
			);
			name = Controllers;
			path = ../../Sources/Classes/Controllers;
			sourceTree = "<group>";
		};
		917AFF9120684AAE00DBE032 /* Base */ = {
			isa = PBXGroup;
			children = (
				917AFF9220684AAE00DBE032 /* BaseListController.swift */,
				917AFF9320684AAE00DBE032 /* Controller+ScrollDelegate.swift */,
				917AFF9420684AAE00DBE032 /* Extensions */,
			);
			path = Base;
			sourceTree = "<group>";
		};
		917AFF9420684AAE00DBE032 /* Extensions */ = {
			isa = PBXGroup;
			children = (
				917AFF9520684AAE00DBE032 /* Controller+Add.swift */,
				917AFF9620684AAE00DBE032 /* Controller+Deletion.swift */,
				917AFF9720684AAE00DBE032 /* Controller+Insertion.swift */,
				917AFF9820684AAE00DBE032 /* Controller+Registrable.swift */,
				917AFF9920684AAE00DBE032 /* Controller+Reloading.swift */,
				917AFF9A20684AAE00DBE032 /* Controller+Retrieving.swift */,
			);
			path = Extensions;
			sourceTree = "<group>";
		};
		917AFF9B20684AAE00DBE032 /* Lists */ = {
			isa = PBXGroup;
			children = (
				917AFF9C20684AAE00DBE032 /* CollectionController.swift */,
				917AFF9D20684AAE00DBE032 /* TableController.swift */,
			);
			path = Lists;
			sourceTree = "<group>";
		};
		B531B80AE95251B733E9660E /* Pods */ = {
			isa = PBXGroup;
			children = (
				7B9F5C1FA8BD467CFF3119A8 /* Pods-Listable_Example.debug.xcconfig */,
				1DC80F33AA6E45E8C430837D /* Pods-Listable_Example.release.xcconfig */,
				B0F5ADB5C2E5845501175090 /* Pods-Listable_Tests.debug.xcconfig */,
				5953874414E5C7D0746C05B5 /* Pods-Listable_Tests.release.xcconfig */,
			);
			name = Pods;
			sourceTree = "<group>";
		};
		E5F3714FCB330A30701B7D37 /* Frameworks */ = {
			isa = PBXGroup;
			children = (
				A420C4D886247B104D84A890 /* Pods_Listable_Example.framework */,
				7A2B50F00376C63CE6000C1D /* Pods_Listable_Tests.framework */,
			);
			name = Frameworks;
			sourceTree = "<group>";
		};
/* End PBXGroup section */

/* Begin PBXNativeTarget section */
		607FACCF1AFB9204008FA782 /* Listable_Example */ = {
			isa = PBXNativeTarget;
			buildConfigurationList = 607FACEF1AFB9204008FA782 /* Build configuration list for PBXNativeTarget "Listable_Example" */;
			buildPhases = (
				6D510F4786E568D3A2C45795 /* [CP] Check Pods Manifest.lock */,
				607FACCC1AFB9204008FA782 /* Sources */,
				607FACCD1AFB9204008FA782 /* Frameworks */,
				607FACCE1AFB9204008FA782 /* Resources */,
				9223A129D2B4FE085EA9A75C /* [CP] Embed Pods Frameworks */,
				0DC5B092488D130F9938E592 /* [CP] Copy Pods Resources */,
			);
			buildRules = (
			);
			dependencies = (
			);
			name = Listable_Example;
			productName = Listable;
			productReference = 607FACD01AFB9204008FA782 /* Listable_Example.app */;
			productType = "com.apple.product-type.application";
		};
		607FACE41AFB9204008FA782 /* Listable_Tests */ = {
			isa = PBXNativeTarget;
			buildConfigurationList = 607FACF21AFB9204008FA782 /* Build configuration list for PBXNativeTarget "Listable_Tests" */;
			buildPhases = (
				4EC5FA8686C26985754BCC79 /* [CP] Check Pods Manifest.lock */,
				607FACE11AFB9204008FA782 /* Sources */,
				607FACE21AFB9204008FA782 /* Frameworks */,
				607FACE31AFB9204008FA782 /* Resources */,
				189B9BFA4746E3AEF73D877D /* [CP] Embed Pods Frameworks */,
				F4E873C9FA0126767E72C7BF /* [CP] Copy Pods Resources */,
			);
			buildRules = (
			);
			dependencies = (
				607FACE71AFB9204008FA782 /* PBXTargetDependency */,
			);
			name = Listable_Tests;
			productName = Tests;
			productReference = 607FACE51AFB9204008FA782 /* Listable_Tests.xctest */;
			productType = "com.apple.product-type.bundle.unit-test";
		};
/* End PBXNativeTarget section */

/* Begin PBXProject section */
		607FACC81AFB9204008FA782 /* Project object */ = {
			isa = PBXProject;
			attributes = {
				LastSwiftUpdateCheck = 0830;
				LastUpgradeCheck = 0830;
				ORGANIZATIONNAME = CocoaPods;
				TargetAttributes = {
					607FACCF1AFB9204008FA782 = {
						CreatedOnToolsVersion = 6.3.1;
						LastSwiftMigration = 0900;
					};
					607FACE41AFB9204008FA782 = {
						CreatedOnToolsVersion = 6.3.1;
						LastSwiftMigration = 0900;
						TestTargetID = 607FACCF1AFB9204008FA782;
					};
				};
			};
			buildConfigurationList = 607FACCB1AFB9204008FA782 /* Build configuration list for PBXProject "Listable" */;
			compatibilityVersion = "Xcode 3.2";
			developmentRegion = English;
			hasScannedForEncodings = 0;
			knownRegions = (
				en,
				Base,
			);
			mainGroup = 607FACC71AFB9204008FA782;
			productRefGroup = 607FACD11AFB9204008FA782 /* Products */;
			projectDirPath = "";
			projectRoot = "";
			targets = (
				607FACCF1AFB9204008FA782 /* Listable_Example */,
				607FACE41AFB9204008FA782 /* Listable_Tests */,
			);
		};
/* End PBXProject section */

/* Begin PBXResourcesBuildPhase section */
		607FACCE1AFB9204008FA782 /* Resources */ = {
			isa = PBXResourcesBuildPhase;
			buildActionMask = 2147483647;
			files = (
				917AFF822068470200DBE032 /* Images.xcassets in Resources */,
				917AFF802068470200DBE032 /* LaunchScreen.xib in Resources */,
				917AFF812068470200DBE032 /* Main.storyboard in Resources */,
			);
			runOnlyForDeploymentPostprocessing = 0;
		};
		607FACE31AFB9204008FA782 /* Resources */ = {
			isa = PBXResourcesBuildPhase;
			buildActionMask = 2147483647;
			files = (
			);
			runOnlyForDeploymentPostprocessing = 0;
		};
/* End PBXResourcesBuildPhase section */

/* Begin PBXShellScriptBuildPhase section */
		0DC5B092488D130F9938E592 /* [CP] Copy Pods Resources */ = {
			isa = PBXShellScriptBuildPhase;
			buildActionMask = 2147483647;
			files = (
			);
			inputPaths = (
			);
			name = "[CP] Copy Pods Resources";
			outputPaths = (
			);
			runOnlyForDeploymentPostprocessing = 0;
			shellPath = /bin/sh;
			shellScript = "\"${SRCROOT}/Pods/Target Support Files/Pods-Listable_Example/Pods-Listable_Example-resources.sh\"\n";
			showEnvVarsInLog = 0;
		};
		189B9BFA4746E3AEF73D877D /* [CP] Embed Pods Frameworks */ = {
			isa = PBXShellScriptBuildPhase;
			buildActionMask = 2147483647;
			files = (
			);
			inputPaths = (
				"${SRCROOT}/Pods/Target Support Files/Pods-Listable_Tests/Pods-Listable_Tests-frameworks.sh",
				"${BUILT_PRODUCTS_DIR}/Nimble/Nimble.framework",
				"${BUILT_PRODUCTS_DIR}/Quick/Quick.framework",
			);
			name = "[CP] Embed Pods Frameworks";
			outputPaths = (
				"${TARGET_BUILD_DIR}/${FRAMEWORKS_FOLDER_PATH}/Nimble.framework",
				"${TARGET_BUILD_DIR}/${FRAMEWORKS_FOLDER_PATH}/Quick.framework",
			);
			runOnlyForDeploymentPostprocessing = 0;
			shellPath = /bin/sh;
			shellScript = "\"${SRCROOT}/Pods/Target Support Files/Pods-Listable_Tests/Pods-Listable_Tests-frameworks.sh\"\n";
			showEnvVarsInLog = 0;
		};
		4EC5FA8686C26985754BCC79 /* [CP] Check Pods Manifest.lock */ = {
			isa = PBXShellScriptBuildPhase;
			buildActionMask = 2147483647;
			files = (
			);
			inputPaths = (
				"${PODS_PODFILE_DIR_PATH}/Podfile.lock",
				"${PODS_ROOT}/Manifest.lock",
			);
			name = "[CP] Check Pods Manifest.lock";
			outputPaths = (
				"$(DERIVED_FILE_DIR)/Pods-Listable_Tests-checkManifestLockResult.txt",
			);
			runOnlyForDeploymentPostprocessing = 0;
			shellPath = /bin/sh;
			shellScript = "diff \"${PODS_PODFILE_DIR_PATH}/Podfile.lock\" \"${PODS_ROOT}/Manifest.lock\" > /dev/null\nif [ $? != 0 ] ; then\n    # print error to STDERR\n    echo \"error: The sandbox is not in sync with the Podfile.lock. Run 'pod install' or update your CocoaPods installation.\" >&2\n    exit 1\nfi\n# This output is used by Xcode 'outputs' to avoid re-running this script phase.\necho \"SUCCESS\" > \"${SCRIPT_OUTPUT_FILE_0}\"\n";
			showEnvVarsInLog = 0;
		};
		6D510F4786E568D3A2C45795 /* [CP] Check Pods Manifest.lock */ = {
			isa = PBXShellScriptBuildPhase;
			buildActionMask = 2147483647;
			files = (
			);
			inputPaths = (
				"${PODS_PODFILE_DIR_PATH}/Podfile.lock",
				"${PODS_ROOT}/Manifest.lock",
			);
			name = "[CP] Check Pods Manifest.lock";
			outputPaths = (
				"$(DERIVED_FILE_DIR)/Pods-Listable_Example-checkManifestLockResult.txt",
			);
			runOnlyForDeploymentPostprocessing = 0;
			shellPath = /bin/sh;
			shellScript = "diff \"${PODS_PODFILE_DIR_PATH}/Podfile.lock\" \"${PODS_ROOT}/Manifest.lock\" > /dev/null\nif [ $? != 0 ] ; then\n    # print error to STDERR\n    echo \"error: The sandbox is not in sync with the Podfile.lock. Run 'pod install' or update your CocoaPods installation.\" >&2\n    exit 1\nfi\n# This output is used by Xcode 'outputs' to avoid re-running this script phase.\necho \"SUCCESS\" > \"${SCRIPT_OUTPUT_FILE_0}\"\n";
			showEnvVarsInLog = 0;
		};
		9223A129D2B4FE085EA9A75C /* [CP] Embed Pods Frameworks */ = {
			isa = PBXShellScriptBuildPhase;
			buildActionMask = 2147483647;
			files = (
			);
			inputPaths = (
				"${SRCROOT}/Pods/Target Support Files/Pods-Listable_Example/Pods-Listable_Example-frameworks.sh",
				"${BUILT_PRODUCTS_DIR}/Listable/Listable.framework",
			);
			name = "[CP] Embed Pods Frameworks";
			outputPaths = (
				"${TARGET_BUILD_DIR}/${FRAMEWORKS_FOLDER_PATH}/Listable.framework",
			);
			runOnlyForDeploymentPostprocessing = 0;
			shellPath = /bin/sh;
			shellScript = "\"${SRCROOT}/Pods/Target Support Files/Pods-Listable_Example/Pods-Listable_Example-frameworks.sh\"\n";
			showEnvVarsInLog = 0;
		};
		F4E873C9FA0126767E72C7BF /* [CP] Copy Pods Resources */ = {
			isa = PBXShellScriptBuildPhase;
			buildActionMask = 2147483647;
			files = (
			);
			inputPaths = (
			);
			name = "[CP] Copy Pods Resources";
			outputPaths = (
			);
			runOnlyForDeploymentPostprocessing = 0;
			shellPath = /bin/sh;
			shellScript = "\"${SRCROOT}/Pods/Target Support Files/Pods-Listable_Tests/Pods-Listable_Tests-resources.sh\"\n";
			showEnvVarsInLog = 0;
		};
/* End PBXShellScriptBuildPhase section */

/* Begin PBXSourcesBuildPhase section */
		607FACCC1AFB9204008FA782 /* Sources */ = {
			isa = PBXSourcesBuildPhase;
			buildActionMask = 2147483647;
			files = (
				917AFFA420684AAE00DBE032 /* ListView+UITableView.swift in Sources */,
				917AFFAE20684AAE00DBE032 /* CollectionController.swift in Sources */,
				917AFF9F20684AAE00DBE032 /* Row.swift in Sources */,
				917AFFA520684AAE00DBE032 /* ListView.swift in Sources */,
				917AFFAA20684AAE00DBE032 /* Controller+Insertion.swift in Sources */,
				917AFFA320684AAE00DBE032 /* ListView+UICollectionView.swift in Sources */,
				917AFFAC20684AAE00DBE032 /* Controller+Reloading.swift in Sources */,
				917AFFAD20684AAE00DBE032 /* Controller+Retrieving.swift in Sources */,
				917AFFAF20684AAE00DBE032 /* TableController.swift in Sources */,
				917AFF9E20684AAE00DBE032 /* ObservableArray.swift in Sources */,
				917AFFA620684AAE00DBE032 /* BaseListController.swift in Sources */,
				917AFFA020684AAE00DBE032 /* RowProtocol.swift in Sources */,
				917AFFA720684AAE00DBE032 /* Controller+ScrollDelegate.swift in Sources */,
				917AFFA220684AAE00DBE032 /* SectionView.swift in Sources */,
				917AFFAB20684AAE00DBE032 /* Controller+Registrable.swift in Sources */,
				917AFFA120684AAE00DBE032 /* Section.swift in Sources */,
				917AFFA820684AAE00DBE032 /* Controller+Add.swift in Sources */,
				917AFF842068470200DBE032 /* ViewController.swift in Sources */,
				917AFF7F2068470200DBE032 /* AppDelegate.swift in Sources */,
				917AFFA920684AAE00DBE032 /* Controller+Deletion.swift in Sources */,
			);
			runOnlyForDeploymentPostprocessing = 0;
		};
		607FACE11AFB9204008FA782 /* Sources */ = {
			isa = PBXSourcesBuildPhase;
			buildActionMask = 2147483647;
			files = (
				607FACEC1AFB9204008FA782 /* Tests.swift in Sources */,
			);
			runOnlyForDeploymentPostprocessing = 0;
		};
/* End PBXSourcesBuildPhase section */

/* Begin PBXTargetDependency section */
		607FACE71AFB9204008FA782 /* PBXTargetDependency */ = {
			isa = PBXTargetDependency;
			target = 607FACCF1AFB9204008FA782 /* Listable_Example */;
			targetProxy = 607FACE61AFB9204008FA782 /* PBXContainerItemProxy */;
		};
/* End PBXTargetDependency section */

/* Begin PBXVariantGroup section */
		917AFF782068470200DBE032 /* LaunchScreen.xib */ = {
			isa = PBXVariantGroup;
			children = (
				917AFF792068470200DBE032 /* Base */,
			);
			name = LaunchScreen.xib;
			sourceTree = "<group>";
		};
		917AFF7A2068470200DBE032 /* Main.storyboard */ = {
			isa = PBXVariantGroup;
			children = (
				917AFF7B2068470200DBE032 /* Base */,
			);
			name = Main.storyboard;
			sourceTree = "<group>";
		};
/* End PBXVariantGroup section */

/* Begin XCBuildConfiguration section */
		607FACED1AFB9204008FA782 /* Debug */ = {
			isa = XCBuildConfiguration;
			buildSettings = {
				ALWAYS_SEARCH_USER_PATHS = NO;
				CLANG_CXX_LANGUAGE_STANDARD = "gnu++0x";
				CLANG_CXX_LIBRARY = "libc++";
				CLANG_ENABLE_MODULES = YES;
				CLANG_ENABLE_OBJC_ARC = YES;
				CLANG_WARN_BLOCK_CAPTURE_AUTORELEASING = YES;
				CLANG_WARN_BOOL_CONVERSION = YES;
				CLANG_WARN_COMMA = YES;
				CLANG_WARN_CONSTANT_CONVERSION = YES;
				CLANG_WARN_DIRECT_OBJC_ISA_USAGE = YES_ERROR;
				CLANG_WARN_EMPTY_BODY = YES;
				CLANG_WARN_ENUM_CONVERSION = YES;
				CLANG_WARN_INFINITE_RECURSION = YES;
				CLANG_WARN_INT_CONVERSION = YES;
				CLANG_WARN_NON_LITERAL_NULL_CONVERSION = YES;
				CLANG_WARN_OBJC_LITERAL_CONVERSION = YES;
				CLANG_WARN_OBJC_ROOT_CLASS = YES_ERROR;
				CLANG_WARN_RANGE_LOOP_ANALYSIS = YES;
				CLANG_WARN_STRICT_PROTOTYPES = YES;
				CLANG_WARN_SUSPICIOUS_MOVE = YES;
				CLANG_WARN_UNREACHABLE_CODE = YES;
				CLANG_WARN__DUPLICATE_METHOD_MATCH = YES;
				"CODE_SIGN_IDENTITY[sdk=iphoneos*]" = "iPhone Developer";
				COPY_PHASE_STRIP = NO;
				DEBUG_INFORMATION_FORMAT = "dwarf-with-dsym";
				ENABLE_STRICT_OBJC_MSGSEND = YES;
				ENABLE_TESTABILITY = YES;
				GCC_C_LANGUAGE_STANDARD = gnu99;
				GCC_DYNAMIC_NO_PIC = NO;
				GCC_NO_COMMON_BLOCKS = YES;
				GCC_OPTIMIZATION_LEVEL = 0;
				GCC_PREPROCESSOR_DEFINITIONS = (
					"DEBUG=1",
					"$(inherited)",
				);
				GCC_SYMBOLS_PRIVATE_EXTERN = NO;
				GCC_WARN_64_TO_32_BIT_CONVERSION = YES;
				GCC_WARN_ABOUT_RETURN_TYPE = YES_ERROR;
				GCC_WARN_UNDECLARED_SELECTOR = YES;
				GCC_WARN_UNINITIALIZED_AUTOS = YES_AGGRESSIVE;
				GCC_WARN_UNUSED_FUNCTION = YES;
				GCC_WARN_UNUSED_VARIABLE = YES;
				IPHONEOS_DEPLOYMENT_TARGET = 9.3;
				MTL_ENABLE_DEBUG_INFO = YES;
				ONLY_ACTIVE_ARCH = YES;
				SDKROOT = iphoneos;
				SWIFT_OPTIMIZATION_LEVEL = "-Onone";
			};
			name = Debug;
		};
		607FACEE1AFB9204008FA782 /* Release */ = {
			isa = XCBuildConfiguration;
			buildSettings = {
				ALWAYS_SEARCH_USER_PATHS = NO;
				CLANG_CXX_LANGUAGE_STANDARD = "gnu++0x";
				CLANG_CXX_LIBRARY = "libc++";
				CLANG_ENABLE_MODULES = YES;
				CLANG_ENABLE_OBJC_ARC = YES;
				CLANG_WARN_BLOCK_CAPTURE_AUTORELEASING = YES;
				CLANG_WARN_BOOL_CONVERSION = YES;
				CLANG_WARN_COMMA = YES;
				CLANG_WARN_CONSTANT_CONVERSION = YES;
				CLANG_WARN_DIRECT_OBJC_ISA_USAGE = YES_ERROR;
				CLANG_WARN_EMPTY_BODY = YES;
				CLANG_WARN_ENUM_CONVERSION = YES;
				CLANG_WARN_INFINITE_RECURSION = YES;
				CLANG_WARN_INT_CONVERSION = YES;
				CLANG_WARN_NON_LITERAL_NULL_CONVERSION = YES;
				CLANG_WARN_OBJC_LITERAL_CONVERSION = YES;
				CLANG_WARN_OBJC_ROOT_CLASS = YES_ERROR;
				CLANG_WARN_RANGE_LOOP_ANALYSIS = YES;
				CLANG_WARN_STRICT_PROTOTYPES = YES;
				CLANG_WARN_SUSPICIOUS_MOVE = YES;
				CLANG_WARN_UNREACHABLE_CODE = YES;
				CLANG_WARN__DUPLICATE_METHOD_MATCH = YES;
				"CODE_SIGN_IDENTITY[sdk=iphoneos*]" = "iPhone Developer";
				COPY_PHASE_STRIP = NO;
				DEBUG_INFORMATION_FORMAT = "dwarf-with-dsym";
				ENABLE_NS_ASSERTIONS = NO;
				ENABLE_STRICT_OBJC_MSGSEND = YES;
				GCC_C_LANGUAGE_STANDARD = gnu99;
				GCC_NO_COMMON_BLOCKS = YES;
				GCC_WARN_64_TO_32_BIT_CONVERSION = YES;
				GCC_WARN_ABOUT_RETURN_TYPE = YES_ERROR;
				GCC_WARN_UNDECLARED_SELECTOR = YES;
				GCC_WARN_UNINITIALIZED_AUTOS = YES_AGGRESSIVE;
				GCC_WARN_UNUSED_FUNCTION = YES;
				GCC_WARN_UNUSED_VARIABLE = YES;
				IPHONEOS_DEPLOYMENT_TARGET = 9.3;
				MTL_ENABLE_DEBUG_INFO = NO;
				SDKROOT = iphoneos;
				SWIFT_OPTIMIZATION_LEVEL = "-Owholemodule";
				VALIDATE_PRODUCT = YES;
			};
			name = Release;
		};
		607FACF01AFB9204008FA782 /* Debug */ = {
			isa = XCBuildConfiguration;
			baseConfigurationReference = 7B9F5C1FA8BD467CFF3119A8 /* Pods-Listable_Example.debug.xcconfig */;
			buildSettings = {
				ASSETCATALOG_COMPILER_APPICON_NAME = AppIcon;
				FRAMEWORK_SEARCH_PATHS = (
					"$(inherited)",
					"\"${PODS_CONFIGURATION_BUILD_DIR}/Listable\"",
				);
				INFOPLIST_FILE = "$(SRCROOT)/ExampleApp/Info.plist";
				IPHONEOS_DEPLOYMENT_TARGET = 10.0;
				LD_RUNPATH_SEARCH_PATHS = "$(inherited) @executable_path/Frameworks";
				MODULE_NAME = ExampleApp;
				PRODUCT_BUNDLE_IDENTIFIER = "org.cocoapods.demo.$(PRODUCT_NAME:rfc1034identifier)";
				PRODUCT_NAME = "$(TARGET_NAME)";
				SWIFT_SWIFT3_OBJC_INFERENCE = Default;
				SWIFT_VERSION = 4.0;
			};
			name = Debug;
		};
		607FACF11AFB9204008FA782 /* Release */ = {
			isa = XCBuildConfiguration;
			baseConfigurationReference = 1DC80F33AA6E45E8C430837D /* Pods-Listable_Example.release.xcconfig */;
			buildSettings = {
				ASSETCATALOG_COMPILER_APPICON_NAME = AppIcon;
				FRAMEWORK_SEARCH_PATHS = (
					"$(inherited)",
					"\"${PODS_CONFIGURATION_BUILD_DIR}/Listable\"",
				);
				INFOPLIST_FILE = "$(SRCROOT)/ExampleApp/Info.plist";
				IPHONEOS_DEPLOYMENT_TARGET = 10.0;
				LD_RUNPATH_SEARCH_PATHS = "$(inherited) @executable_path/Frameworks";
				MODULE_NAME = ExampleApp;
				PRODUCT_BUNDLE_IDENTIFIER = "org.cocoapods.demo.$(PRODUCT_NAME:rfc1034identifier)";
				PRODUCT_NAME = "$(TARGET_NAME)";
				SWIFT_SWIFT3_OBJC_INFERENCE = Default;
				SWIFT_VERSION = 4.0;
			};
			name = Release;
		};
		607FACF31AFB9204008FA782 /* Debug */ = {
			isa = XCBuildConfiguration;
			baseConfigurationReference = B0F5ADB5C2E5845501175090 /* Pods-Listable_Tests.debug.xcconfig */;
			buildSettings = {
				ALWAYS_EMBED_SWIFT_STANDARD_LIBRARIES = YES;
				FRAMEWORK_SEARCH_PATHS = (
					"$(SDKROOT)/Developer/Library/Frameworks",
					"$(inherited)",
				);
				GCC_PREPROCESSOR_DEFINITIONS = (
					"DEBUG=1",
					"$(inherited)",
				);
				INFOPLIST_FILE = Tests/Info.plist;
				LD_RUNPATH_SEARCH_PATHS = "$(inherited) @executable_path/Frameworks @loader_path/Frameworks";
				PRODUCT_BUNDLE_IDENTIFIER = "org.cocoapods.$(PRODUCT_NAME:rfc1034identifier)";
				PRODUCT_NAME = "$(TARGET_NAME)";
				SWIFT_SWIFT3_OBJC_INFERENCE = Default;
				SWIFT_VERSION = 4.0;
			};
			name = Debug;
		};
		607FACF41AFB9204008FA782 /* Release */ = {
			isa = XCBuildConfiguration;
			baseConfigurationReference = 5953874414E5C7D0746C05B5 /* Pods-Listable_Tests.release.xcconfig */;
			buildSettings = {
				ALWAYS_EMBED_SWIFT_STANDARD_LIBRARIES = YES;
				FRAMEWORK_SEARCH_PATHS = (
					"$(SDKROOT)/Developer/Library/Frameworks",
					"$(inherited)",
				);
				INFOPLIST_FILE = Tests/Info.plist;
				LD_RUNPATH_SEARCH_PATHS = "$(inherited) @executable_path/Frameworks @loader_path/Frameworks";
				PRODUCT_BUNDLE_IDENTIFIER = "org.cocoapods.$(PRODUCT_NAME:rfc1034identifier)";
				PRODUCT_NAME = "$(TARGET_NAME)";
				SWIFT_SWIFT3_OBJC_INFERENCE = Default;
				SWIFT_VERSION = 4.0;
			};
			name = Release;
		};
/* End XCBuildConfiguration section */

/* Begin XCConfigurationList section */
		607FACCB1AFB9204008FA782 /* Build configuration list for PBXProject "Listable" */ = {
			isa = XCConfigurationList;
			buildConfigurations = (
				607FACED1AFB9204008FA782 /* Debug */,
				607FACEE1AFB9204008FA782 /* Release */,
			);
			defaultConfigurationIsVisible = 0;
			defaultConfigurationName = Release;
		};
		607FACEF1AFB9204008FA782 /* Build configuration list for PBXNativeTarget "Listable_Example" */ = {
			isa = XCConfigurationList;
			buildConfigurations = (
				607FACF01AFB9204008FA782 /* Debug */,
				607FACF11AFB9204008FA782 /* Release */,
			);
			defaultConfigurationIsVisible = 0;
			defaultConfigurationName = Release;
		};
		607FACF21AFB9204008FA782 /* Build configuration list for PBXNativeTarget "Listable_Tests" */ = {
			isa = XCConfigurationList;
			buildConfigurations = (
				607FACF31AFB9204008FA782 /* Debug */,
				607FACF41AFB9204008FA782 /* Release */,
			);
			defaultConfigurationIsVisible = 0;
			defaultConfigurationName = Release;
		};
/* End XCConfigurationList section */
	};
	rootObject = 607FACC81AFB9204008FA782 /* Project object */;
}
